
Microsoft Visual Studio Solution File, Format Version 12.00
# Visual Studio Version 17
VisualStudioVersion = 17.5.002.0
MinimumVisualStudioVersion = 10.0.40219.1
Project("{2150E333-8FDC-42A3-9474-1A3956D46DE8}") = "Exercise1", "Exercise1", "{1776BAD8-3839-4E4E-896B-B0389DC8F4DD}"
EndProject
Project("{9A19103F-16F7-4668-BE54-9A1E7A4F7556}") = "TestProject", "Exercise1\TestProject\TestProject.csproj", "{19143268-64CB-4FE3-9915-D544E032EFC4}"
EndProject
Global
	GlobalSection(SolutionConfigurationPlatforms) = preSolution
		Debug|Any CPU = Debug|Any CPU
		Release|Any CPU = Release|Any CPU
	EndGlobalSection
	GlobalSection(ProjectConfigurationPlatforms) = postSolution
		{19143268-64CB-4FE3-9915-D544E032EFC4}.Debug|Any CPU.ActiveCfg = Debug|Any CPU
		{19143268-64CB-4FE3-9915-D544E032EFC4}.Debug|Any CPU.Build.0 = Debug|Any CPU
		{19143268-64CB-4FE3-9915-D544E032EFC4}.Release|Any CPU.ActiveCfg = Release|Any CPU
		{19143268-64CB-4FE3-9915-D544E032EFC4}.Release|Any CPU.Build.0 = Release|Any CPU
	EndGlobalSection
	GlobalSection(SolutionProperties) = preSolution
		HideSolutionNode = FALSE
	EndGlobalSection
	GlobalSection(NestedProjects) = preSolution
		{19143268-64CB-4FE3-9915-D544E032EFC4} = {1776BAD8-3839-4E4E-896B-B0389DC8F4DD}
	EndGlobalSection
	GlobalSection(ExtensibilityGlobals) = postSolution
		SolutionGuid = {08A480A7-9EB6-4BFE-97E2-901C29BB6E34}
	EndGlobalSection
EndGlobal
