Microsoft Visual Studio Solution File, Format Version 12.00
# Visual Studio Version 17
VisualStudioVersion = 17.5.2.0
MinimumVisualStudioVersion = 10.0.40219.1
Project("{2150E333-8FDC-42A3-9474-1A3956D46DE8}") = "CsharpProject", "CsharpProject", "{983C9E70-5136-134B-0961-023B97CE5536}"
EndProject
Project("{FAE04EC0-301F-11D3-BF4B-00C04F79EFBC}") = "TestProject", "CsharpProject\TestProject\TestProject.csproj", "{97169EAD-2538-877A-099A-3A4DC13D4319}"
EndProject
Global
	GlobalSection(SolutionConfigurationPlatforms) = preSolution
		Debug|Any CPU = Debug|Any CPU
		Release|Any CPU = Release|Any CPU
	EndGlobalSection
	GlobalSection(ProjectConfigurationPlatforms) = postSolution
		{97169EAD-2538-877A-099A-3A4DC13D4319}.Debug|Any CPU.ActiveCfg = Debug|Any CPU
		{97169EAD-2538-877A-099A-3A4DC13D4319}.Debug|Any CPU.Build.0 = Debug|Any CPU
		{97169EAD-2538-877A-099A-3A4DC13D4319}.Release|Any CPU.ActiveCfg = Release|Any CPU
		{97169EAD-2538-877A-099A-3A4DC13D4319}.Release|Any CPU.Build.0 = Release|Any CPU
	EndGlobalSection
	GlobalSection(SolutionProperties) = preSolution
		HideSolutionNode = FALSE
	EndGlobalSection
	GlobalSection(NestedProjects) = preSolution
		{97169EAD-2538-877A-099A-3A4DC13D4319} = {983C9E70-5136-134B-0961-023B97CE5536}
	EndGlobalSection
	GlobalSection(ExtensibilityGlobals) = postSolution
		SolutionGuid = {82E06D2E-A672-4504-9B70-6514E715134D}
	EndGlobalSection
EndGlobal
