
Microsoft Visual Studio Solution File, Format Version 12.00
# Visual Studio Version 17
VisualStudioVersion = 17.5.002.0
MinimumVisualStudioVersion = 10.0.40219.1
Project("{2150E333-8FDC-42A3-9474-1A3956D46DE8}") = "CsharpProject", "CsharpProject", "{3DBCCCE8-68E6-4C86-B5B8-6B29575DE75B}"
EndProject
Project("{9A19103F-16F7-4668-BE54-9A1E7A4F7556}") = "TestProject", "CsharpProject\TestProject\TestProject.csproj", "{3E43B1A8-FC97-499B-8631-3D68A3BC3CA9}"
EndProject
Project("{2150E333-8FDC-42A3-9474-1A3956D46DE8}") = "CsharpProject1", "CsharpProject1", "{4A840485-59D9-4727-B7B1-3F63BDD0645F}"
EndProject
Project("{9A19103F-16F7-4668-BE54-9A1E7A4F7556}") = "TestProject", "CsharpProject1\TestProject\TestProject.csproj", "{2B84F5FF-8B72-42E9-A8E2-5088C8EA4A92}"
EndProject
Global
	GlobalSection(SolutionConfigurationPlatforms) = preSolution
		Debug|Any CPU = Debug|Any CPU
		Release|Any CPU = Release|Any CPU
	EndGlobalSection
	GlobalSection(ProjectConfigurationPlatforms) = postSolution
		{3E43B1A8-FC97-499B-8631-3D68A3BC3CA9}.Debug|Any CPU.ActiveCfg = Debug|Any CPU
		{3E43B1A8-FC97-499B-8631-3D68A3BC3CA9}.Debug|Any CPU.Build.0 = Debug|Any CPU
		{3E43B1A8-FC97-499B-8631-3D68A3BC3CA9}.Release|Any CPU.ActiveCfg = Release|Any CPU
		{3E43B1A8-FC97-499B-8631-3D68A3BC3CA9}.Release|Any CPU.Build.0 = Release|Any CPU
		{2B84F5FF-8B72-42E9-A8E2-5088C8EA4A92}.Debug|Any CPU.ActiveCfg = Debug|Any CPU
		{2B84F5FF-8B72-42E9-A8E2-5088C8EA4A92}.Debug|Any CPU.Build.0 = Debug|Any CPU
		{2B84F5FF-8B72-42E9-A8E2-5088C8EA4A92}.Release|Any CPU.ActiveCfg = Release|Any CPU
		{2B84F5FF-8B72-42E9-A8E2-5088C8EA4A92}.Release|Any CPU.Build.0 = Release|Any CPU
	EndGlobalSection
	GlobalSection(SolutionProperties) = preSolution
		HideSolutionNode = FALSE
	EndGlobalSection
	GlobalSection(NestedProjects) = preSolution
		{3E43B1A8-FC97-499B-8631-3D68A3BC3CA9} = {3DBCCCE8-68E6-4C86-B5B8-6B29575DE75B}
		{2B84F5FF-8B72-42E9-A8E2-5088C8EA4A92} = {4A840485-59D9-4727-B7B1-3F63BDD0645F}
	EndGlobalSection
	GlobalSection(ExtensibilityGlobals) = postSolution
		SolutionGuid = {CD268E2C-8453-492C-807D-ECE4E9BEDF97}
	EndGlobalSection
EndGlobal
